// !$*UTF8*$!
{
	archiveVersion = 1;
	classes = {
	};
	objectVersion = 77;
	objects = {

/* Begin PBXContainerItemProxy section */
		78D8FE612E09C395006C97DB /* PBXContainerItemProxy */ = {
			isa = PBXContainerItemProxy;
			containerPortal = 78D8FE4B2E09C394006C97DB /* Project object */;
			proxyType = 1;
			remoteGlobalIDString = 78D8FE522E09C394006C97DB;
			remoteInfo = VibeTunnelFrontend;
		};
		78D8FE6B2E09C395006C97DB /* PBXContainerItemProxy */ = {
			isa = PBXContainerItemProxy;
			containerPortal = 78D8FE4B2E09C394006C97DB /* Project object */;
			proxyType = 1;
			remoteGlobalIDString = 78D8FE522E09C394006C97DB;
			remoteInfo = VibeTunnelFrontend;
		};
/* End PBXContainerItemProxy section */

/* Begin PBXFileReference section */
		78D8FE532E09C394006C97DB /* VibeTunnelFrontend.app */ = {isa = PBXFileReference; explicitFileType = wrapper.application; includeInIndex = 0; path = VibeTunnelFrontend.app; sourceTree = BUILT_PRODUCTS_DIR; };
		78D8FE602E09C395006C97DB /* VibeTunnelFrontendTests.xctest */ = {isa = PBXFileReference; explicitFileType = wrapper.cfbundle; includeInIndex = 0; path = VibeTunnelFrontendTests.xctest; sourceTree = BUILT_PRODUCTS_DIR; };
		78D8FE6A2E09C395006C97DB /* VibeTunnelFrontendUITests.xctest */ = {isa = PBXFileReference; explicitFileType = wrapper.cfbundle; includeInIndex = 0; path = VibeTunnelFrontendUITests.xctest; sourceTree = BUILT_PRODUCTS_DIR; };
/* End PBXFileReference section */

/* Begin PBXFileSystemSynchronizedRootGroup section */
		78D8FE552E09C394006C97DB /* VibeTunnelFrontend */ = {
			isa = PBXFileSystemSynchronizedRootGroup;
			path = VibeTunnelFrontend;
			sourceTree = "<group>";
		};
		78D8FE632E09C395006C97DB /* VibeTunnelFrontendTests */ = {
			isa = PBXFileSystemSynchronizedRootGroup;
			path = VibeTunnelFrontendTests;
			sourceTree = "<group>";
		};
		78D8FE6D2E09C395006C97DB /* VibeTunnelFrontendUITests */ = {
			isa = PBXFileSystemSynchronizedRootGroup;
			path = VibeTunnelFrontendUITests;
			sourceTree = "<group>";
		};
/* End PBXFileSystemSynchronizedRootGroup section */

/* Begin PBXFrameworksBuildPhase section */
		78D8FE502E09C394006C97DB /* Frameworks */ = {
			isa = PBXFrameworksBuildPhase;
			buildActionMask = 2147483647;
			files = (
			);
			runOnlyForDeploymentPostprocessing = 0;
		};
		78D8FE5D2E09C395006C97DB /* Frameworks */ = {
			isa = PBXFrameworksBuildPhase;
			buildActionMask = 2147483647;
			files = (
			);
			runOnlyForDeploymentPostprocessing = 0;
		};
		78D8FE672E09C395006C97DB /* Frameworks */ = {
			isa = PBXFrameworksBuildPhase;
			buildActionMask = 2147483647;
			files = (
			);
			runOnlyForDeploymentPostprocessing = 0;
		};
/* End PBXFrameworksBuildPhase section */

/* Begin PBXGroup section */
		78D8FE4A2E09C394006C97DB = {
			isa = PBXGroup;
			children = (
				78D8FE552E09C394006C97DB /* VibeTunnelFrontend */,
				78D8FE632E09C395006C97DB /* VibeTunnelFrontendTests */,
				78D8FE6D2E09C395006C97DB /* VibeTunnelFrontendUITests */,
				78D8FE542E09C394006C97DB /* Products */,
			);
			sourceTree = "<group>";
		};
		78D8FE542E09C394006C97DB /* Products */ = {
			isa = PBXGroup;
			children = (
				78D8FE532E09C394006C97DB /* VibeTunnelFrontend.app */,
				78D8FE602E09C395006C97DB /* VibeTunnelFrontendTests.xctest */,
				78D8FE6A2E09C395006C97DB /* VibeTunnelFrontendUITests.xctest */,
			);
			name = Products;
			sourceTree = "<group>";
		};
/* End PBXGroup section */

/* Begin PBXNativeTarget section */
		78D8FE522E09C394006C97DB /* VibeTunnelFrontend */ = {
			isa = PBXNativeTarget;
			buildConfigurationList = 78D8FE742E09C395006C97DB /* Build configuration list for PBXNativeTarget "VibeTunnelFrontend" */;
			buildPhases = (
				78D8FE4F2E09C394006C97DB /* Sources */,
				78D8FE502E09C394006C97DB /* Frameworks */,
				78D8FE512E09C394006C97DB /* Resources */,
			);
			buildRules = (
			);
			dependencies = (
			);
			fileSystemSynchronizedGroups = (
				78D8FE552E09C394006C97DB /* VibeTunnelFrontend */,
			);
			name = VibeTunnelFrontend;
			packageProductDependencies = (
			);
			productName = VibeTunnelFrontend;
			productReference = 78D8FE532E09C394006C97DB /* VibeTunnelFrontend.app */;
			productType = "com.apple.product-type.application";
		};
		78D8FE5F2E09C395006C97DB /* VibeTunnelFrontendTests */ = {
			isa = PBXNativeTarget;
			buildConfigurationList = 78D8FE772E09C395006C97DB /* Build configuration list for PBXNativeTarget "VibeTunnelFrontendTests" */;
			buildPhases = (
				78D8FE5C2E09C395006C97DB /* Sources */,
				78D8FE5D2E09C395006C97DB /* Frameworks */,
				78D8FE5E2E09C395006C97DB /* Resources */,
			);
			buildRules = (
			);
			dependencies = (
				78D8FE622E09C395006C97DB /* PBXTargetDependency */,
			);
			fileSystemSynchronizedGroups = (
				78D8FE632E09C395006C97DB /* VibeTunnelFrontendTests */,
			);
			name = VibeTunnelFrontendTests;
			packageProductDependencies = (
			);
			productName = VibeTunnelFrontendTests;
			productReference = 78D8FE602E09C395006C97DB /* VibeTunnelFrontendTests.xctest */;
			productType = "com.apple.product-type.bundle.unit-test";
		};
		78D8FE692E09C395006C97DB /* VibeTunnelFrontendUITests */ = {
			isa = PBXNativeTarget;
			buildConfigurationList = 78D8FE7A2E09C395006C97DB /* Build configuration list for PBXNativeTarget "VibeTunnelFrontendUITests" */;
			buildPhases = (
				78D8FE662E09C395006C97DB /* Sources */,
				78D8FE672E09C395006C97DB /* Frameworks */,
				78D8FE682E09C395006C97DB /* Resources */,
			);
			buildRules = (
			);
			dependencies = (
				78D8FE6C2E09C395006C97DB /* PBXTargetDependency */,
			);
			fileSystemSynchronizedGroups = (
				78D8FE6D2E09C395006C97DB /* VibeTunnelFrontendUITests */,
			);
			name = VibeTunnelFrontendUITests;
			packageProductDependencies = (
			);
			productName = VibeTunnelFrontendUITests;
			productReference = 78D8FE6A2E09C395006C97DB /* VibeTunnelFrontendUITests.xctest */;
			productType = "com.apple.product-type.bundle.ui-testing";
		};
/* End PBXNativeTarget section */

/* Begin PBXProject section */
		78D8FE4B2E09C394006C97DB /* Project object */ = {
			isa = PBXProject;
			attributes = {
				BuildIndependentTargetsInParallel = 1;
				LastSwiftUpdateCheck = 2600;
				LastUpgradeCheck = 2600;
				TargetAttributes = {
					78D8FE522E09C394006C97DB = {
						CreatedOnToolsVersion = 26.0;
					};
					78D8FE5F2E09C395006C97DB = {
						CreatedOnToolsVersion = 26.0;
						TestTargetID = 78D8FE522E09C394006C97DB;
					};
					78D8FE692E09C395006C97DB = {
						CreatedOnToolsVersion = 26.0;
						TestTargetID = 78D8FE522E09C394006C97DB;
					};
				};
			};
			buildConfigurationList = 78D8FE4E2E09C394006C97DB /* Build configuration list for PBXProject "VibeTunnelFrontend" */;
			developmentRegion = en;
			hasScannedForEncodings = 0;
			knownRegions = (
				en,
				Base,
			);
			mainGroup = 78D8FE4A2E09C394006C97DB;
			minimizedProjectReferenceProxies = 1;
			preferredProjectObjectVersion = 77;
			productRefGroup = 78D8FE542E09C394006C97DB /* Products */;
			projectDirPath = "";
			projectRoot = "";
			targets = (
				78D8FE522E09C394006C97DB /* VibeTunnelFrontend */,
				78D8FE5F2E09C395006C97DB /* VibeTunnelFrontendTests */,
				78D8FE692E09C395006C97DB /* VibeTunnelFrontendUITests */,
			);
		};
/* End PBXProject section */

/* Begin PBXResourcesBuildPhase section */
		78D8FE512E09C394006C97DB /* Resources */ = {
			isa = PBXResourcesBuildPhase;
			buildActionMask = 2147483647;
			files = (
			);
			runOnlyForDeploymentPostprocessing = 0;
		};
		78D8FE5E2E09C395006C97DB /* Resources */ = {
			isa = PBXResourcesBuildPhase;
			buildActionMask = 2147483647;
			files = (
			);
			runOnlyForDeploymentPostprocessing = 0;
		};
		78D8FE682E09C395006C97DB /* Resources */ = {
			isa = PBXResourcesBuildPhase;
			buildActionMask = 2147483647;
			files = (
			);
			runOnlyForDeploymentPostprocessing = 0;
		};
/* End PBXResourcesBuildPhase section */

/* Begin PBXSourcesBuildPhase section */
		78D8FE4F2E09C394006C97DB /* Sources */ = {
			isa = PBXSourcesBuildPhase;
			buildActionMask = 2147483647;
			files = (
			);
			runOnlyForDeploymentPostprocessing = 0;
		};
		78D8FE5C2E09C395006C97DB /* Sources */ = {
			isa = PBXSourcesBuildPhase;
			buildActionMask = 2147483647;
			files = (
			);
			runOnlyForDeploymentPostprocessing = 0;
		};
		78D8FE662E09C395006C97DB /* Sources */ = {
			isa = PBXSourcesBuildPhase;
			buildActionMask = 2147483647;
			files = (
			);
			runOnlyForDeploymentPostprocessing = 0;
		};
/* End PBXSourcesBuildPhase section */

/* Begin PBXTargetDependency section */
		78D8FE622E09C395006C97DB /* PBXTargetDependency */ = {
			isa = PBXTargetDependency;
			target = 78D8FE522E09C394006C97DB /* VibeTunnelFrontend */;
			targetProxy = 78D8FE612E09C395006C97DB /* PBXContainerItemProxy */;
		};
		78D8FE6C2E09C395006C97DB /* PBXTargetDependency */ = {
			isa = PBXTargetDependency;
			target = 78D8FE522E09C394006C97DB /* VibeTunnelFrontend */;
			targetProxy = 78D8FE6B2E09C395006C97DB /* PBXContainerItemProxy */;
		};
/* End PBXTargetDependency section */

/* Begin XCBuildConfiguration section */
		78D8FE722E09C395006C97DB /* Debug */ = {
			isa = XCBuildConfiguration;
			buildSettings = {
				ALWAYS_SEARCH_USER_PATHS = NO;
				ASSETCATALOG_COMPILER_GENERATE_SWIFT_ASSET_SYMBOL_EXTENSIONS = YES;
				CLANG_ANALYZER_NONNULL = YES;
				CLANG_ANALYZER_NUMBER_OBJECT_CONVERSION = YES_AGGRESSIVE;
				CLANG_CXX_LANGUAGE_STANDARD = "gnu++20";
				CLANG_ENABLE_MODULES = YES;
				CLANG_ENABLE_OBJC_ARC = YES;
				CLANG_ENABLE_OBJC_WEAK = YES;
				CLANG_WARN_BLOCK_CAPTURE_AUTORELEASING = YES;
				CLANG_WARN_BOOL_CONVERSION = YES;
				CLANG_WARN_COMMA = YES;
				CLANG_WARN_CONSTANT_CONVERSION = YES;
				CLANG_WARN_DEPRECATED_OBJC_IMPLEMENTATIONS = YES;
				CLANG_WARN_DIRECT_OBJC_ISA_USAGE = YES_ERROR;
				CLANG_WARN_DOCUMENTATION_COMMENTS = YES;
				CLANG_WARN_EMPTY_BODY = YES;
				CLANG_WARN_ENUM_CONVERSION = YES;
				CLANG_WARN_INFINITE_RECURSION = YES;
				CLANG_WARN_INT_CONVERSION = YES;
				CLANG_WARN_NON_LITERAL_NULL_CONVERSION = YES;
				CLANG_WARN_OBJC_IMPLICIT_RETAIN_SELF = YES;
				CLANG_WARN_OBJC_LITERAL_CONVERSION = YES;
				CLANG_WARN_OBJC_ROOT_CLASS = YES_ERROR;
				CLANG_WARN_QUOTED_INCLUDE_IN_FRAMEWORK_HEADER = YES;
				CLANG_WARN_RANGE_LOOP_ANALYSIS = YES;
				CLANG_WARN_STRICT_PROTOTYPES = YES;
				CLANG_WARN_SUSPICIOUS_MOVE = YES;
				CLANG_WARN_UNGUARDED_AVAILABILITY = YES_AGGRESSIVE;
				CLANG_WARN_UNREACHABLE_CODE = YES;
				CLANG_WARN__DUPLICATE_METHOD_MATCH = YES;
				COPY_PHASE_STRIP = NO;
				DEBUG_INFORMATION_FORMAT = dwarf;
				DEVELOPMENT_TEAM = Y5PE65HELJ;
				ENABLE_STRICT_OBJC_MSGSEND = YES;
				ENABLE_TESTABILITY = YES;
				ENABLE_USER_SCRIPT_SANDBOXING = YES;
				GCC_C_LANGUAGE_STANDARD = gnu17;
				GCC_DYNAMIC_NO_PIC = NO;
				GCC_NO_COMMON_BLOCKS = YES;
				GCC_OPTIMIZATION_LEVEL = 0;
				GCC_PREPROCESSOR_DEFINITIONS = (
					"DEBUG=1",
					"$(inherited)",
				);
				GCC_WARN_64_TO_32_BIT_CONVERSION = YES;
				GCC_WARN_ABOUT_RETURN_TYPE = YES_ERROR;
				GCC_WARN_UNDECLARED_SELECTOR = YES;
				GCC_WARN_UNINITIALIZED_AUTOS = YES_AGGRESSIVE;
				GCC_WARN_UNUSED_FUNCTION = YES;
				GCC_WARN_UNUSED_VARIABLE = YES;
				LOCALIZATION_PREFERS_STRING_CATALOGS = YES;
				MACOSX_DEPLOYMENT_TARGET = 15.5;
				MTL_ENABLE_DEBUG_INFO = INCLUDE_SOURCE;
				MTL_FAST_MATH = YES;
				ONLY_ACTIVE_ARCH = YES;
				SDKROOT = macosx;
				SWIFT_ACTIVE_COMPILATION_CONDITIONS = "DEBUG $(inherited)";
				SWIFT_OPTIMIZATION_LEVEL = "-Onone";
			};
			name = Debug;
		};
		78D8FE732E09C395006C97DB /* Release */ = {
			isa = XCBuildConfiguration;
			buildSettings = {
				ALWAYS_SEARCH_USER_PATHS = NO;
				ASSETCATALOG_COMPILER_GENERATE_SWIFT_ASSET_SYMBOL_EXTENSIONS = YES;
				CLANG_ANALYZER_NONNULL = YES;
				CLANG_ANALYZER_NUMBER_OBJECT_CONVERSION = YES_AGGRESSIVE;
				CLANG_CXX_LANGUAGE_STANDARD = "gnu++20";
				CLANG_ENABLE_MODULES = YES;
				CLANG_ENABLE_OBJC_ARC = YES;
				CLANG_ENABLE_OBJC_WEAK = YES;
				CLANG_WARN_BLOCK_CAPTURE_AUTORELEASING = YES;
				CLANG_WARN_BOOL_CONVERSION = YES;
				CLANG_WARN_COMMA = YES;
				CLANG_WARN_CONSTANT_CONVERSION = YES;
				CLANG_WARN_DEPRECATED_OBJC_IMPLEMENTATIONS = YES;
				CLANG_WARN_DIRECT_OBJC_ISA_USAGE = YES_ERROR;
				CLANG_WARN_DOCUMENTATION_COMMENTS = YES;
				CLANG_WARN_EMPTY_BODY = YES;
				CLANG_WARN_ENUM_CONVERSION = YES;
				CLANG_WARN_INFINITE_RECURSION = YES;
				CLANG_WARN_INT_CONVERSION = YES;
				CLANG_WARN_NON_LITERAL_NULL_CONVERSION = YES;
				CLANG_WARN_OBJC_IMPLICIT_RETAIN_SELF = YES;
				CLANG_WARN_OBJC_LITERAL_CONVERSION = YES;
				CLANG_WARN_OBJC_ROOT_CLASS = YES_ERROR;
				CLANG_WARN_QUOTED_INCLUDE_IN_FRAMEWORK_HEADER = YES;
				CLANG_WARN_RANGE_LOOP_ANALYSIS = YES;
				CLANG_WARN_STRICT_PROTOTYPES = YES;
				CLANG_WARN_SUSPICIOUS_MOVE = YES;
				CLANG_WARN_UNGUARDED_AVAILABILITY = YES_AGGRESSIVE;
				CLANG_WARN_UNREACHABLE_CODE = YES;
				CLANG_WARN__DUPLICATE_METHOD_MATCH = YES;
				COPY_PHASE_STRIP = NO;
				DEBUG_INFORMATION_FORMAT = "dwarf-with-dsym";
				DEVELOPMENT_TEAM = Y5PE65HELJ;
				ENABLE_NS_ASSERTIONS = NO;
				ENABLE_STRICT_OBJC_MSGSEND = YES;
				ENABLE_USER_SCRIPT_SANDBOXING = YES;
				GCC_C_LANGUAGE_STANDARD = gnu17;
				GCC_NO_COMMON_BLOCKS = YES;
				GCC_WARN_64_TO_32_BIT_CONVERSION = YES;
				GCC_WARN_ABOUT_RETURN_TYPE = YES_ERROR;
				GCC_WARN_UNDECLARED_SELECTOR = YES;
				GCC_WARN_UNINITIALIZED_AUTOS = YES_AGGRESSIVE;
				GCC_WARN_UNUSED_FUNCTION = YES;
				GCC_WARN_UNUSED_VARIABLE = YES;
				LOCALIZATION_PREFERS_STRING_CATALOGS = YES;
				MACOSX_DEPLOYMENT_TARGET = 15.5;
				MTL_ENABLE_DEBUG_INFO = NO;
				MTL_FAST_MATH = YES;
				SDKROOT = macosx;
				SWIFT_COMPILATION_MODE = wholemodule;
			};
			name = Release;
		};
		78D8FE752E09C395006C97DB /* Debug */ = {
			isa = XCBuildConfiguration;
			buildSettings = {
				ASSETCATALOG_COMPILER_APPICON_NAME = AppIcon;
				ASSETCATALOG_COMPILER_GLOBAL_ACCENT_COLOR_NAME = AccentColor;
				CODE_SIGN_STYLE = Automatic;
				COMBINE_HIDPI_IMAGES = YES;
				CURRENT_PROJECT_VERSION = 1;
				DEVELOPMENT_TEAM = Y5PE65HELJ;
				ENABLE_APP_SANDBOX = YES;
				ENABLE_HARDENED_RUNTIME = YES;
				ENABLE_PREVIEWS = YES;
				ENABLE_USER_SELECTED_FILES = readonly;
				GENERATE_INFOPLIST_FILE = YES;
				INFOPLIST_KEY_NSHumanReadableCopyright = "";
				LD_RUNPATH_SEARCH_PATHS = (
					"$(inherited)",
					"@executable_path/../Frameworks",
				);
				MARKETING_VERSION = 1.0;
				PRODUCT_BUNDLE_IDENTIFIER = sh.vibetunnel.mac.VibeTunnelFrontend;
				PRODUCT_NAME = "$(TARGET_NAME)";
				REGISTER_APP_GROUPS = YES;
				STRING_CATALOG_GENERATE_SYMBOLS = YES;
				SWIFT_DEFAULT_ACTOR_ISOLATION = MainActor;
				SWIFT_EMIT_LOC_STRINGS = YES;
				SWIFT_UPCOMING_FEATURE_MEMBER_IMPORT_VISIBILITY = YES;
				SWIFT_VERSION = 5.0;
			};
			name = Debug;
		};
		78D8FE762E09C395006C97DB /* Release */ = {
			isa = XCBuildConfiguration;
			buildSettings = {
				ASSETCATALOG_COMPILER_APPICON_NAME = AppIcon;
				ASSETCATALOG_COMPILER_GLOBAL_ACCENT_COLOR_NAME = AccentColor;
				CODE_SIGN_STYLE = Automatic;
				COMBINE_HIDPI_IMAGES = YES;
				CURRENT_PROJECT_VERSION = 1;
				DEVELOPMENT_TEAM = Y5PE65HELJ;
				ENABLE_APP_SANDBOX = YES;
				ENABLE_HARDENED_RUNTIME = YES;
				ENABLE_PREVIEWS = YES;
				ENABLE_USER_SELECTED_FILES = readonly;
				GENERATE_INFOPLIST_FILE = YES;
				INFOPLIST_KEY_NSHumanReadableCopyright = "";
				LD_RUNPATH_SEARCH_PATHS = (
					"$(inherited)",
					"@executable_path/../Frameworks",
				);
				MARKETING_VERSION = 1.0;
				PRODUCT_BUNDLE_IDENTIFIER = sh.vibetunnel.mac.VibeTunnelFrontend;
				PRODUCT_NAME = "$(TARGET_NAME)";
				REGISTER_APP_GROUPS = YES;
				STRING_CATALOG_GENERATE_SYMBOLS = YES;
				SWIFT_DEFAULT_ACTOR_ISOLATION = MainActor;
				SWIFT_EMIT_LOC_STRINGS = YES;
				SWIFT_UPCOMING_FEATURE_MEMBER_IMPORT_VISIBILITY = YES;
				SWIFT_VERSION = 5.0;
			};
			name = Release;
		};
		78D8FE782E09C395006C97DB /* Debug */ = {
			isa = XCBuildConfiguration;
			buildSettings = {
				BUNDLE_LOADER = "$(TEST_HOST)";
				CODE_SIGN_STYLE = Automatic;
				CURRENT_PROJECT_VERSION = 1;
				DEVELOPMENT_TEAM = Y5PE65HELJ;
				GENERATE_INFOPLIST_FILE = YES;
				MACOSX_DEPLOYMENT_TARGET = 15.5;
				MARKETING_VERSION = 1.0;
				PRODUCT_BUNDLE_IDENTIFIER = sh.vibetunnel.mac.VibeTunnelFrontendTests;
				PRODUCT_NAME = "$(TARGET_NAME)";
				STRING_CATALOG_GENERATE_SYMBOLS = NO;
				SWIFT_EMIT_LOC_STRINGS = NO;
				SWIFT_UPCOMING_FEATURE_MEMBER_IMPORT_VISIBILITY = YES;
				SWIFT_VERSION = 5.0;
				TEST_HOST = "$(BUILT_PRODUCTS_DIR)/VibeTunnelFrontend.app/$(BUNDLE_EXECUTABLE_FOLDER_PATH)/VibeTunnelFrontend";
			};
			name = Debug;
		};
		78D8FE792E09C395006C97DB /* Release */ = {
			isa = XCBuildConfiguration;
			buildSettings = {
				BUNDLE_LOADER = "$(TEST_HOST)";
				CODE_SIGN_STYLE = Automatic;
				CURRENT_PROJECT_VERSION = 1;
				DEVELOPMENT_TEAM = Y5PE65HELJ;
				GENERATE_INFOPLIST_FILE = YES;
				MACOSX_DEPLOYMENT_TARGET = 15.5;
				MARKETING_VERSION = 1.0;
				PRODUCT_BUNDLE_IDENTIFIER = sh.vibetunnel.mac.VibeTunnelFrontendTests;
				PRODUCT_NAME = "$(TARGET_NAME)";
				STRING_CATALOG_GENERATE_SYMBOLS = NO;
				SWIFT_EMIT_LOC_STRINGS = NO;
				SWIFT_UPCOMING_FEATURE_MEMBER_IMPORT_VISIBILITY = YES;
				SWIFT_VERSION = 5.0;
				TEST_HOST = "$(BUILT_PRODUCTS_DIR)/VibeTunnelFrontend.app/$(BUNDLE_EXECUTABLE_FOLDER_PATH)/VibeTunnelFrontend";
			};
			name = Release;
		};
		78D8FE7B2E09C395006C97DB /* Debug */ = {
			isa = XCBuildConfiguration;
			buildSettings = {
				CODE_SIGN_STYLE = Automatic;
				CURRENT_PROJECT_VERSION = 1;
				DEVELOPMENT_TEAM = Y5PE65HELJ;
				GENERATE_INFOPLIST_FILE = YES;
				MARKETING_VERSION = 1.0;
				PRODUCT_BUNDLE_IDENTIFIER = sh.vibetunnel.mac.VibeTunnelFrontendUITests;
				PRODUCT_NAME = "$(TARGET_NAME)";
				STRING_CATALOG_GENERATE_SYMBOLS = NO;
				SWIFT_EMIT_LOC_STRINGS = NO;
				SWIFT_UPCOMING_FEATURE_MEMBER_IMPORT_VISIBILITY = YES;
				SWIFT_VERSION = 5.0;
				TEST_TARGET_NAME = VibeTunnelFrontend;
			};
			name = Debug;
		};
		78D8FE7C2E09C395006C97DB /* Release */ = {
			isa = XCBuildConfiguration;
			buildSettings = {
				CODE_SIGN_STYLE = Automatic;
				CURRENT_PROJECT_VERSION = 1;
				DEVELOPMENT_TEAM = Y5PE65HELJ;
				GENERATE_INFOPLIST_FILE = YES;
				MARKETING_VERSION = 1.0;
				PRODUCT_BUNDLE_IDENTIFIER = sh.vibetunnel.mac.VibeTunnelFrontendUITests;
				PRODUCT_NAME = "$(TARGET_NAME)";
				STRING_CATALOG_GENERATE_SYMBOLS = NO;
				SWIFT_EMIT_LOC_STRINGS = NO;
				SWIFT_UPCOMING_FEATURE_MEMBER_IMPORT_VISIBILITY = YES;
				SWIFT_VERSION = 5.0;
				TEST_TARGET_NAME = VibeTunnelFrontend;
			};
			name = Release;
		};
/* End XCBuildConfiguration section */

/* Begin XCConfigurationList section */
		78D8FE4E2E09C394006C97DB /* Build configuration list for PBXProject "VibeTunnelFrontend" */ = {
			isa = XCConfigurationList;
			buildConfigurations = (
				78D8FE722E09C395006C97DB /* Debug */,
				78D8FE732E09C395006C97DB /* Release */,
			);
			defaultConfigurationIsVisible = 0;
			defaultConfigurationName = Release;
		};
		78D8FE742E09C395006C97DB /* Build configuration list for PBXNativeTarget "VibeTunnelFrontend" */ = {
			isa = XCConfigurationList;
			buildConfigurations = (
				78D8FE752E09C395006C97DB /* Debug */,
				78D8FE762E09C395006C97DB /* Release */,
			);
			defaultConfigurationIsVisible = 0;
			defaultConfigurationName = Release;
		};
		78D8FE772E09C395006C97DB /* Build configuration list for PBXNativeTarget "VibeTunnelFrontendTests" */ = {
			isa = XCConfigurationList;
			buildConfigurations = (
				78D8FE782E09C395006C97DB /* Debug */,
				78D8FE792E09C395006C97DB /* Release */,
			);
			defaultConfigurationIsVisible = 0;
			defaultConfigurationName = Release;
		};
		78D8FE7A2E09C395006C97DB /* Build configuration list for PBXNativeTarget "VibeTunnelFrontendUITests" */ = {
			isa = XCConfigurationList;
			buildConfigurations = (
				78D8FE7B2E09C395006C97DB /* Debug */,
				78D8FE7C2E09C395006C97DB /* Release */,
			);
			defaultConfigurationIsVisible = 0;
			defaultConfigurationName = Release;
		};
/* End XCConfigurationList section */
	};
	rootObject = 78D8FE4B2E09C394006C97DB /* Project object */;
}
